
Microsoft Visual Studio Solution File, Format Version 12.00
# Visual Studio Version 16
VisualStudioVersion = 16.0.32002.261
MinimumVisualStudioVersion = 10.0.40219.1
Project("{FAE04EC0-301F-11D3-BF4B-00C04F79EFBC}") = "PeliculasAPI", "PeliculasAPI\PeliculasAPI.csproj", "{E337F713-504E-4611-856D-2CBF9BA7681B}"
EndProject
Global
	GlobalSection(SolutionConfigurationPlatforms) = preSolution
		Debug|Any CPU = Debug|Any CPU
		Release|Any CPU = Release|Any CPU
	EndGlobalSection
	GlobalSection(ProjectConfigurationPlatforms) = postSolution
		{E337F713-504E-4611-856D-2CBF9BA7681B}.Debug|Any CPU.ActiveCfg = Debug|Any CPU
		{E337F713-504E-4611-856D-2CBF9BA7681B}.Debug|Any CPU.Build.0 = Debug|Any CPU
		{E337F713-504E-4611-856D-2CBF9BA7681B}.Release|Any CPU.ActiveCfg = Release|Any CPU
		{E337F713-504E-4611-856D-2CBF9BA7681B}.Release|Any CPU.Build.0 = Release|Any CPU
	EndGlobalSection
	GlobalSection(SolutionProperties) = preSolution
		HideSolutionNode = FALSE
	EndGlobalSection
	GlobalSection(ExtensibilityGlobals) = postSolution
		SolutionGuid = {7BEDF538-0144-4404-93CA-296AFE89DC2A}
	EndGlobalSection
EndGlobal
